PODS:
  - emoji_picker_flutter (0.0.1):
    - Flutter
  - Flutter (1.0.0)
<<<<<<< HEAD
  - path_provider_foundation (0.0.1):
=======
  - integration_test (0.0.1):
    - Flutter
  - path_provider_ios (0.0.1):
    - Flutter
  - shared_preferences_ios (0.0.1):
>>>>>>> upstream/master
    - Flutter
    - FlutterMacOS
  - shared_preferences_foundation (0.0.1):
    - Flutter
    - FlutterMacOS

DEPENDENCIES:
  - emoji_picker_flutter (from `.symlinks/plugins/emoji_picker_flutter/ios`)
  - Flutter (from `Flutter`)
<<<<<<< HEAD
  - path_provider_foundation (from `.symlinks/plugins/path_provider_foundation/ios`)
  - shared_preferences_foundation (from `.symlinks/plugins/shared_preferences_foundation/ios`)
=======
  - integration_test (from `.symlinks/plugins/integration_test/ios`)
  - path_provider_ios (from `.symlinks/plugins/path_provider_ios/ios`)
  - shared_preferences_ios (from `.symlinks/plugins/shared_preferences_ios/ios`)
>>>>>>> upstream/master

EXTERNAL SOURCES:
  emoji_picker_flutter:
    :path: ".symlinks/plugins/emoji_picker_flutter/ios"
  Flutter:
    :path: Flutter
<<<<<<< HEAD
  path_provider_foundation:
    :path: ".symlinks/plugins/path_provider_foundation/ios"
  shared_preferences_foundation:
    :path: ".symlinks/plugins/shared_preferences_foundation/ios"

SPEC CHECKSUMS:
  emoji_picker_flutter: df19dac03a2b39ac667dc8d1da939ef3a9e21347
  Flutter: f04841e97a9d0b0a8025694d0796dd46242b2854
  path_provider_foundation: 37748e03f12783f9de2cb2c4eadfaa25fe6d4852
  shared_preferences_foundation: 297b3ebca31b34ec92be11acd7fb0ba932c822ca

PODFILE CHECKSUM: ef19549a9bc3046e7bb7d2fab4d021637c0c58a3
=======
  integration_test:
    :path: ".symlinks/plugins/integration_test/ios"
  path_provider_ios:
    :path: ".symlinks/plugins/path_provider_ios/ios"
  shared_preferences_ios:
    :path: ".symlinks/plugins/shared_preferences_ios/ios"

SPEC CHECKSUMS:
  emoji_picker_flutter: fe2e6151c5b548e975d546e6eeb567daf0962a58
  Flutter: f04841e97a9d0b0a8025694d0796dd46242b2854
  integration_test: 13825b8a9334a850581300559b8839134b124670
  path_provider_ios: 14f3d2fd28c4fdb42f44e0f751d12861c43cee02
  shared_preferences_ios: 548a61f8053b9b8a49ac19c1ffbc8b92c50d68ad

PODFILE CHECKSUM: 70d9d25280d0dd177a5f637cdb0f0b0b12c6a189
>>>>>>> upstream/master

COCOAPODS: 1.13.0
